
Microsoft Visual Studio Solution File, Format Version 12.00
# Visual Studio Version 16
VisualStudioVersion = 16.0.28803.352
MinimumVisualStudioVersion = 10.0.40219.1
Project("{FAE04EC0-301F-11D3-BF4B-00C04F79EFBC}") = "NetFinalProject", "NetFinalProject\NetFinalProject.csproj", "{E4773B20-C155-4A55-93A4-EC36EDB42D30}"
EndProject
Project("{FAE04EC0-301F-11D3-BF4B-00C04F79EFBC}") = "DatabaseContext", "C#程序集\DatabaseContext\DatabaseContext\DatabaseContext.csproj", "{D39454CF-8C64-4827-9AFB-972159100E58}"
EndProject
Project("{FAE04EC0-301F-11D3-BF4B-00C04F79EFBC}") = "DatabaseModels", "C#程序集\DatabaseModels\DatabaseModels\DatabaseModels.csproj", "{A675DAD1-2A01-44BE-9BAC-CABEE54DA92D}"
EndProject
Project("{FAE04EC0-301F-11D3-BF4B-00C04F79EFBC}") = "FeedService", "C#程序集\FeedbackService\FeedbackService\FeedService.csproj", "{79699D76-CF54-4E7D-A969-4DA5C0DB81D4}"
EndProject
Project("{FAE04EC0-301F-11D3-BF4B-00C04F79EFBC}") = "SessionService", "SessionService\SessionService\SessionService.csproj", "{1447B4E7-99E3-4DF8-B698-A356B805319F}"
EndProject
Project("{FAE04EC0-301F-11D3-BF4B-00C04F79EFBC}") = "ClassToDictionary", "ClassToDictionary\ClassToDictionary\ClassToDictionary.csproj", "{492C376D-0311-41A9-B5FF-1D41D93D9558}"
EndProject
Project("{FAE04EC0-301F-11D3-BF4B-00C04F79EFBC}") = "MovieService", "MovieService\MovieService\MovieService.csproj", "{73751CDC-715C-4DCF-B985-A523F73CDF1E}"
EndProject
Project("{FAE04EC0-301F-11D3-BF4B-00C04F79EFBC}") = "ConstantValue", "ConstantValue\ConstantValue\ConstantValue.csproj", "{EAF09C00-0249-4AA7-B443-A795E5CB6CC3}"
EndProject
Project("{FAE04EC0-301F-11D3-BF4B-00C04F79EFBC}") = "CommentService", "CommentService\CommentService\CommentService.csproj", "{11768F49-9450-4B2B-AA4F-A70D5778A44A}"
EndProject
Project("{FAE04EC0-301F-11D3-BF4B-00C04F79EFBC}") = "SearchService", "SearchService\SearchService.csproj", "{579D9EE9-321E-4DC0-B68A-2296BA00BC02}"
EndProject
Project("{9A19103F-16F7-4668-BE54-9A1E7A4F7556}") = "SignalRChat", "C#程序集\SignalRChat\SignalRChat\SignalRChat.csproj", "{FD4BB15C-BE4B-4736-965E-16783070D39D}"
EndProject
Project("{FAE04EC0-301F-11D3-BF4B-00C04F79EFBC}") = "ChatService", "ChatHub\ChatService.csproj", "{F08DE928-2D6C-4CE3-868A-930061AAA47F}"
EndProject
Project("{FAE04EC0-301F-11D3-BF4B-00C04F79EFBC}") = "UserService", "UserService\UserService.csproj", "{3BAEF510-6049-41E1-834D-71D6AB5FFE45}"
EndProject
Project("{FAE04EC0-301F-11D3-BF4B-00C04F79EFBC}") = "COM", "COM\COM.csproj", "{80371870-B2DA-43F0-9F77-1E4C456DC7E9}"
EndProject
Project("{8BC9CEB8-8B4A-11D0-8D11-00A0C91BC942}") = "RegexValidate", "RegexValidate\RegexValidate.vcxproj", "{3B719D23-54E8-4F3E-997D-98697429FDDE}"
EndProject
Project("{8BC9CEB8-8B4A-11D0-8D11-00A0C91BC942}") = "Regex", "..\Project1\Project1.vcxproj", "{B6752CE7-2FC7-44D0-861F-9B3CFCF84E70}"
EndProject
Project("{8BC9CEB8-8B4A-11D0-8D11-00A0C91BC942}") = "CalculateLike", "CalculateLike\CalculateLike.vcxproj", "{0F9AA1A0-E384-49CF-9029-4CBE2DC94C98}"
EndProject
Global
	GlobalSection(SolutionConfigurationPlatforms) = preSolution
		Debug|Any CPU = Debug|Any CPU
		Debug|x64 = Debug|x64
		Debug|x86 = Debug|x86
		Release|Any CPU = Release|Any CPU
		Release|x64 = Release|x64
		Release|x86 = Release|x86
	EndGlobalSection
	GlobalSection(ProjectConfigurationPlatforms) = postSolution
		{E4773B20-C155-4A55-93A4-EC36EDB42D30}.Debug|Any CPU.ActiveCfg = Debug|Any CPU
		{E4773B20-C155-4A55-93A4-EC36EDB42D30}.Debug|Any CPU.Build.0 = Debug|Any CPU
		{E4773B20-C155-4A55-93A4-EC36EDB42D30}.Debug|x64.ActiveCfg = Debug|Any CPU
		{E4773B20-C155-4A55-93A4-EC36EDB42D30}.Debug|x64.Build.0 = Debug|Any CPU
		{E4773B20-C155-4A55-93A4-EC36EDB42D30}.Debug|x86.ActiveCfg = Debug|Any CPU
		{E4773B20-C155-4A55-93A4-EC36EDB42D30}.Debug|x86.Build.0 = Debug|Any CPU
		{E4773B20-C155-4A55-93A4-EC36EDB42D30}.Release|Any CPU.ActiveCfg = Release|Any CPU
		{E4773B20-C155-4A55-93A4-EC36EDB42D30}.Release|Any CPU.Build.0 = Release|Any CPU
		{E4773B20-C155-4A55-93A4-EC36EDB42D30}.Release|x64.ActiveCfg = Release|Any CPU
		{E4773B20-C155-4A55-93A4-EC36EDB42D30}.Release|x64.Build.0 = Release|Any CPU
		{E4773B20-C155-4A55-93A4-EC36EDB42D30}.Release|x86.ActiveCfg = Release|Any CPU
		{E4773B20-C155-4A55-93A4-EC36EDB42D30}.Release|x86.Build.0 = Release|Any CPU
		{D39454CF-8C64-4827-9AFB-972159100E58}.Debug|Any CPU.ActiveCfg = Debug|Any CPU
		{D39454CF-8C64-4827-9AFB-972159100E58}.Debug|Any CPU.Build.0 = Debug|Any CPU
		{D39454CF-8C64-4827-9AFB-972159100E58}.Debug|x64.ActiveCfg = Debug|Any CPU
		{D39454CF-8C64-4827-9AFB-972159100E58}.Debug|x64.Build.0 = Debug|Any CPU
		{D39454CF-8C64-4827-9AFB-972159100E58}.Debug|x86.ActiveCfg = Debug|Any CPU
		{D39454CF-8C64-4827-9AFB-972159100E58}.Debug|x86.Build.0 = Debug|Any CPU
		{D39454CF-8C64-4827-9AFB-972159100E58}.Release|Any CPU.ActiveCfg = Release|Any CPU
		{D39454CF-8C64-4827-9AFB-972159100E58}.Release|Any CPU.Build.0 = Release|Any CPU
		{D39454CF-8C64-4827-9AFB-972159100E58}.Release|x64.ActiveCfg = Release|Any CPU
		{D39454CF-8C64-4827-9AFB-972159100E58}.Release|x64.Build.0 = Release|Any CPU
		{D39454CF-8C64-4827-9AFB-972159100E58}.Release|x86.ActiveCfg = Release|Any CPU
		{D39454CF-8C64-4827-9AFB-972159100E58}.Release|x86.Build.0 = Release|Any CPU
		{A675DAD1-2A01-44BE-9BAC-CABEE54DA92D}.Debug|Any CPU.ActiveCfg = Debug|Any CPU
		{A675DAD1-2A01-44BE-9BAC-CABEE54DA92D}.Debug|Any CPU.Build.0 = Debug|Any CPU
		{A675DAD1-2A01-44BE-9BAC-CABEE54DA92D}.Debug|x64.ActiveCfg = Debug|Any CPU
		{A675DAD1-2A01-44BE-9BAC-CABEE54DA92D}.Debug|x64.Build.0 = Debug|Any CPU
		{A675DAD1-2A01-44BE-9BAC-CABEE54DA92D}.Debug|x86.ActiveCfg = Debug|Any CPU
		{A675DAD1-2A01-44BE-9BAC-CABEE54DA92D}.Debug|x86.Build.0 = Debug|Any CPU
		{A675DAD1-2A01-44BE-9BAC-CABEE54DA92D}.Release|Any CPU.ActiveCfg = Release|Any CPU
		{A675DAD1-2A01-44BE-9BAC-CABEE54DA92D}.Release|Any CPU.Build.0 = Release|Any CPU
		{A675DAD1-2A01-44BE-9BAC-CABEE54DA92D}.Release|x64.ActiveCfg = Release|Any CPU
		{A675DAD1-2A01-44BE-9BAC-CABEE54DA92D}.Release|x64.Build.0 = Release|Any CPU
		{A675DAD1-2A01-44BE-9BAC-CABEE54DA92D}.Release|x86.ActiveCfg = Release|Any CPU
		{A675DAD1-2A01-44BE-9BAC-CABEE54DA92D}.Release|x86.Build.0 = Release|Any CPU
		{79699D76-CF54-4E7D-A969-4DA5C0DB81D4}.Debug|Any CPU.ActiveCfg = Debug|Any CPU
		{79699D76-CF54-4E7D-A969-4DA5C0DB81D4}.Debug|Any CPU.Build.0 = Debug|Any CPU
		{79699D76-CF54-4E7D-A969-4DA5C0DB81D4}.Debug|x64.ActiveCfg = Debug|Any CPU
		{79699D76-CF54-4E7D-A969-4DA5C0DB81D4}.Debug|x64.Build.0 = Debug|Any CPU
		{79699D76-CF54-4E7D-A969-4DA5C0DB81D4}.Debug|x86.ActiveCfg = Debug|Any CPU
		{79699D76-CF54-4E7D-A969-4DA5C0DB81D4}.Debug|x86.Build.0 = Debug|Any CPU
		{79699D76-CF54-4E7D-A969-4DA5C0DB81D4}.Release|Any CPU.ActiveCfg = Release|Any CPU
		{79699D76-CF54-4E7D-A969-4DA5C0DB81D4}.Release|Any CPU.Build.0 = Release|Any CPU
		{79699D76-CF54-4E7D-A969-4DA5C0DB81D4}.Release|x64.ActiveCfg = Release|Any CPU
		{79699D76-CF54-4E7D-A969-4DA5C0DB81D4}.Release|x64.Build.0 = Release|Any CPU
		{79699D76-CF54-4E7D-A969-4DA5C0DB81D4}.Release|x86.ActiveCfg = Release|Any CPU
		{79699D76-CF54-4E7D-A969-4DA5C0DB81D4}.Release|x86.Build.0 = Release|Any CPU
		{1447B4E7-99E3-4DF8-B698-A356B805319F}.Debug|Any CPU.ActiveCfg = Debug|Any CPU
		{1447B4E7-99E3-4DF8-B698-A356B805319F}.Debug|Any CPU.Build.0 = Debug|Any CPU
		{1447B4E7-99E3-4DF8-B698-A356B805319F}.Debug|x64.ActiveCfg = Debug|Any CPU
		{1447B4E7-99E3-4DF8-B698-A356B805319F}.Debug|x64.Build.0 = Debug|Any CPU
		{1447B4E7-99E3-4DF8-B698-A356B805319F}.Debug|x86.ActiveCfg = Debug|Any CPU
		{1447B4E7-99E3-4DF8-B698-A356B805319F}.Debug|x86.Build.0 = Debug|Any CPU
		{1447B4E7-99E3-4DF8-B698-A356B805319F}.Release|Any CPU.ActiveCfg = Release|Any CPU
		{1447B4E7-99E3-4DF8-B698-A356B805319F}.Release|Any CPU.Build.0 = Release|Any CPU
		{1447B4E7-99E3-4DF8-B698-A356B805319F}.Release|x64.ActiveCfg = Release|Any CPU
		{1447B4E7-99E3-4DF8-B698-A356B805319F}.Release|x64.Build.0 = Release|Any CPU
		{1447B4E7-99E3-4DF8-B698-A356B805319F}.Release|x86.ActiveCfg = Release|Any CPU
		{1447B4E7-99E3-4DF8-B698-A356B805319F}.Release|x86.Build.0 = Release|Any CPU
		{492C376D-0311-41A9-B5FF-1D41D93D9558}.Debug|Any CPU.ActiveCfg = Debug|Any CPU
		{492C376D-0311-41A9-B5FF-1D41D93D9558}.Debug|Any CPU.Build.0 = Debug|Any CPU
		{492C376D-0311-41A9-B5FF-1D41D93D9558}.Debug|x64.ActiveCfg = Debug|Any CPU
		{492C376D-0311-41A9-B5FF-1D41D93D9558}.Debug|x64.Build.0 = Debug|Any CPU
		{492C376D-0311-41A9-B5FF-1D41D93D9558}.Debug|x86.ActiveCfg = Debug|Any CPU
		{492C376D-0311-41A9-B5FF-1D41D93D9558}.Debug|x86.Build.0 = Debug|Any CPU
		{492C376D-0311-41A9-B5FF-1D41D93D9558}.Release|Any CPU.ActiveCfg = Release|Any CPU
		{492C376D-0311-41A9-B5FF-1D41D93D9558}.Release|Any CPU.Build.0 = Release|Any CPU
		{492C376D-0311-41A9-B5FF-1D41D93D9558}.Release|x64.ActiveCfg = Release|Any CPU
		{492C376D-0311-41A9-B5FF-1D41D93D9558}.Release|x64.Build.0 = Release|Any CPU
		{492C376D-0311-41A9-B5FF-1D41D93D9558}.Release|x86.ActiveCfg = Release|Any CPU
		{492C376D-0311-41A9-B5FF-1D41D93D9558}.Release|x86.Build.0 = Release|Any CPU
		{73751CDC-715C-4DCF-B985-A523F73CDF1E}.Debug|Any CPU.ActiveCfg = Debug|Any CPU
		{73751CDC-715C-4DCF-B985-A523F73CDF1E}.Debug|Any CPU.Build.0 = Debug|Any CPU
		{73751CDC-715C-4DCF-B985-A523F73CDF1E}.Debug|x64.ActiveCfg = Debug|Any CPU
		{73751CDC-715C-4DCF-B985-A523F73CDF1E}.Debug|x64.Build.0 = Debug|Any CPU
		{73751CDC-715C-4DCF-B985-A523F73CDF1E}.Debug|x86.ActiveCfg = Debug|Any CPU
		{73751CDC-715C-4DCF-B985-A523F73CDF1E}.Debug|x86.Build.0 = Debug|Any CPU
		{73751CDC-715C-4DCF-B985-A523F73CDF1E}.Release|Any CPU.ActiveCfg = Release|Any CPU
		{73751CDC-715C-4DCF-B985-A523F73CDF1E}.Release|Any CPU.Build.0 = Release|Any CPU
		{73751CDC-715C-4DCF-B985-A523F73CDF1E}.Release|x64.ActiveCfg = Release|Any CPU
		{73751CDC-715C-4DCF-B985-A523F73CDF1E}.Release|x64.Build.0 = Release|Any CPU
		{73751CDC-715C-4DCF-B985-A523F73CDF1E}.Release|x86.ActiveCfg = Release|Any CPU
		{73751CDC-715C-4DCF-B985-A523F73CDF1E}.Release|x86.Build.0 = Release|Any CPU
		{EAF09C00-0249-4AA7-B443-A795E5CB6CC3}.Debug|Any CPU.ActiveCfg = Debug|Any CPU
		{EAF09C00-0249-4AA7-B443-A795E5CB6CC3}.Debug|Any CPU.Build.0 = Debug|Any CPU
		{EAF09C00-0249-4AA7-B443-A795E5CB6CC3}.Debug|x64.ActiveCfg = Debug|Any CPU
		{EAF09C00-0249-4AA7-B443-A795E5CB6CC3}.Debug|x64.Build.0 = Debug|Any CPU
		{EAF09C00-0249-4AA7-B443-A795E5CB6CC3}.Debug|x86.ActiveCfg = Debug|Any CPU
		{EAF09C00-0249-4AA7-B443-A795E5CB6CC3}.Debug|x86.Build.0 = Debug|Any CPU
		{EAF09C00-0249-4AA7-B443-A795E5CB6CC3}.Release|Any CPU.ActiveCfg = Release|Any CPU
		{EAF09C00-0249-4AA7-B443-A795E5CB6CC3}.Release|Any CPU.Build.0 = Release|Any CPU
		{EAF09C00-0249-4AA7-B443-A795E5CB6CC3}.Release|x64.ActiveCfg = Release|Any CPU
		{EAF09C00-0249-4AA7-B443-A795E5CB6CC3}.Release|x64.Build.0 = Release|Any CPU
		{EAF09C00-0249-4AA7-B443-A795E5CB6CC3}.Release|x86.ActiveCfg = Release|Any CPU
		{EAF09C00-0249-4AA7-B443-A795E5CB6CC3}.Release|x86.Build.0 = Release|Any CPU
		{11768F49-9450-4B2B-AA4F-A70D5778A44A}.Debug|Any CPU.ActiveCfg = Debug|Any CPU
		{11768F49-9450-4B2B-AA4F-A70D5778A44A}.Debug|Any CPU.Build.0 = Debug|Any CPU
		{11768F49-9450-4B2B-AA4F-A70D5778A44A}.Debug|x64.ActiveCfg = Debug|Any CPU
		{11768F49-9450-4B2B-AA4F-A70D5778A44A}.Debug|x64.Build.0 = Debug|Any CPU
		{11768F49-9450-4B2B-AA4F-A70D5778A44A}.Debug|x86.ActiveCfg = Debug|Any CPU
		{11768F49-9450-4B2B-AA4F-A70D5778A44A}.Debug|x86.Build.0 = Debug|Any CPU
		{11768F49-9450-4B2B-AA4F-A70D5778A44A}.Release|Any CPU.ActiveCfg = Release|Any CPU
		{11768F49-9450-4B2B-AA4F-A70D5778A44A}.Release|Any CPU.Build.0 = Release|Any CPU
		{11768F49-9450-4B2B-AA4F-A70D5778A44A}.Release|x64.ActiveCfg = Release|Any CPU
		{11768F49-9450-4B2B-AA4F-A70D5778A44A}.Release|x64.Build.0 = Release|Any CPU
		{11768F49-9450-4B2B-AA4F-A70D5778A44A}.Release|x86.ActiveCfg = Release|Any CPU
		{11768F49-9450-4B2B-AA4F-A70D5778A44A}.Release|x86.Build.0 = Release|Any CPU
		{579D9EE9-321E-4DC0-B68A-2296BA00BC02}.Debug|Any CPU.ActiveCfg = Debug|Any CPU
		{579D9EE9-321E-4DC0-B68A-2296BA00BC02}.Debug|Any CPU.Build.0 = Debug|Any CPU
		{579D9EE9-321E-4DC0-B68A-2296BA00BC02}.Debug|x64.ActiveCfg = Debug|Any CPU
		{579D9EE9-321E-4DC0-B68A-2296BA00BC02}.Debug|x64.Build.0 = Debug|Any CPU
		{579D9EE9-321E-4DC0-B68A-2296BA00BC02}.Debug|x86.ActiveCfg = Debug|Any CPU
		{579D9EE9-321E-4DC0-B68A-2296BA00BC02}.Debug|x86.Build.0 = Debug|Any CPU
		{579D9EE9-321E-4DC0-B68A-2296BA00BC02}.Release|Any CPU.ActiveCfg = Release|Any CPU
		{579D9EE9-321E-4DC0-B68A-2296BA00BC02}.Release|Any CPU.Build.0 = Release|Any CPU
		{579D9EE9-321E-4DC0-B68A-2296BA00BC02}.Release|x64.ActiveCfg = Release|Any CPU
		{579D9EE9-321E-4DC0-B68A-2296BA00BC02}.Release|x64.Build.0 = Release|Any CPU
		{579D9EE9-321E-4DC0-B68A-2296BA00BC02}.Release|x86.ActiveCfg = Release|Any CPU
		{579D9EE9-321E-4DC0-B68A-2296BA00BC02}.Release|x86.Build.0 = Release|Any CPU
		{FD4BB15C-BE4B-4736-965E-16783070D39D}.Debug|Any CPU.ActiveCfg = Debug|Any CPU
		{FD4BB15C-BE4B-4736-965E-16783070D39D}.Debug|Any CPU.Build.0 = Debug|Any CPU
		{FD4BB15C-BE4B-4736-965E-16783070D39D}.Debug|x64.ActiveCfg = Debug|Any CPU
		{FD4BB15C-BE4B-4736-965E-16783070D39D}.Debug|x64.Build.0 = Debug|Any CPU
		{FD4BB15C-BE4B-4736-965E-16783070D39D}.Debug|x86.ActiveCfg = Debug|Any CPU
		{FD4BB15C-BE4B-4736-965E-16783070D39D}.Debug|x86.Build.0 = Debug|Any CPU
		{FD4BB15C-BE4B-4736-965E-16783070D39D}.Release|Any CPU.ActiveCfg = Release|Any CPU
		{FD4BB15C-BE4B-4736-965E-16783070D39D}.Release|Any CPU.Build.0 = Release|Any CPU
		{FD4BB15C-BE4B-4736-965E-16783070D39D}.Release|x64.ActiveCfg = Release|Any CPU
		{FD4BB15C-BE4B-4736-965E-16783070D39D}.Release|x64.Build.0 = Release|Any CPU
		{FD4BB15C-BE4B-4736-965E-16783070D39D}.Release|x86.ActiveCfg = Release|Any CPU
		{FD4BB15C-BE4B-4736-965E-16783070D39D}.Release|x86.Build.0 = Release|Any CPU
		{F08DE928-2D6C-4CE3-868A-930061AAA47F}.Debug|Any CPU.ActiveCfg = Debug|Any CPU
		{F08DE928-2D6C-4CE3-868A-930061AAA47F}.Debug|Any CPU.Build.0 = Debug|Any CPU
		{F08DE928-2D6C-4CE3-868A-930061AAA47F}.Debug|x64.ActiveCfg = Debug|Any CPU
		{F08DE928-2D6C-4CE3-868A-930061AAA47F}.Debug|x64.Build.0 = Debug|Any CPU
		{F08DE928-2D6C-4CE3-868A-930061AAA47F}.Debug|x86.ActiveCfg = Debug|Any CPU
		{F08DE928-2D6C-4CE3-868A-930061AAA47F}.Debug|x86.Build.0 = Debug|Any CPU
		{F08DE928-2D6C-4CE3-868A-930061AAA47F}.Release|Any CPU.ActiveCfg = Release|Any CPU
		{F08DE928-2D6C-4CE3-868A-930061AAA47F}.Release|Any CPU.Build.0 = Release|Any CPU
		{F08DE928-2D6C-4CE3-868A-930061AAA47F}.Release|x64.ActiveCfg = Release|Any CPU
		{F08DE928-2D6C-4CE3-868A-930061AAA47F}.Release|x64.Build.0 = Release|Any CPU
		{F08DE928-2D6C-4CE3-868A-930061AAA47F}.Release|x86.ActiveCfg = Release|Any CPU
		{F08DE928-2D6C-4CE3-868A-930061AAA47F}.Release|x86.Build.0 = Release|Any CPU
		{3BAEF510-6049-41E1-834D-71D6AB5FFE45}.Debug|Any CPU.ActiveCfg = Debug|Any CPU
		{3BAEF510-6049-41E1-834D-71D6AB5FFE45}.Debug|Any CPU.Build.0 = Debug|Any CPU
		{3BAEF510-6049-41E1-834D-71D6AB5FFE45}.Debug|x64.ActiveCfg = Debug|Any CPU
		{3BAEF510-6049-41E1-834D-71D6AB5FFE45}.Debug|x64.Build.0 = Debug|Any CPU
		{3BAEF510-6049-41E1-834D-71D6AB5FFE45}.Debug|x86.ActiveCfg = Debug|Any CPU
		{3BAEF510-6049-41E1-834D-71D6AB5FFE45}.Debug|x86.Build.0 = Debug|Any CPU
		{3BAEF510-6049-41E1-834D-71D6AB5FFE45}.Release|Any CPU.ActiveCfg = Release|Any CPU
		{3BAEF510-6049-41E1-834D-71D6AB5FFE45}.Release|Any CPU.Build.0 = Release|Any CPU
		{3BAEF510-6049-41E1-834D-71D6AB5FFE45}.Release|x64.ActiveCfg = Release|Any CPU
		{3BAEF510-6049-41E1-834D-71D6AB5FFE45}.Release|x64.Build.0 = Release|Any CPU
		{3BAEF510-6049-41E1-834D-71D6AB5FFE45}.Release|x86.ActiveCfg = Release|Any CPU
		{3BAEF510-6049-41E1-834D-71D6AB5FFE45}.Release|x86.Build.0 = Release|Any CPU
		{80371870-B2DA-43F0-9F77-1E4C456DC7E9}.Debug|Any CPU.ActiveCfg = Debug|Any CPU
		{80371870-B2DA-43F0-9F77-1E4C456DC7E9}.Debug|Any CPU.Build.0 = Debug|Any CPU
		{80371870-B2DA-43F0-9F77-1E4C456DC7E9}.Debug|x64.ActiveCfg = Debug|Any CPU
		{80371870-B2DA-43F0-9F77-1E4C456DC7E9}.Debug|x64.Build.0 = Debug|Any CPU
		{80371870-B2DA-43F0-9F77-1E4C456DC7E9}.Debug|x86.ActiveCfg = Debug|Any CPU
		{80371870-B2DA-43F0-9F77-1E4C456DC7E9}.Debug|x86.Build.0 = Debug|Any CPU
		{80371870-B2DA-43F0-9F77-1E4C456DC7E9}.Release|Any CPU.ActiveCfg = Release|Any CPU
		{80371870-B2DA-43F0-9F77-1E4C456DC7E9}.Release|Any CPU.Build.0 = Release|Any CPU
		{80371870-B2DA-43F0-9F77-1E4C456DC7E9}.Release|x64.ActiveCfg = Release|Any CPU
		{80371870-B2DA-43F0-9F77-1E4C456DC7E9}.Release|x64.Build.0 = Release|Any CPU
		{80371870-B2DA-43F0-9F77-1E4C456DC7E9}.Release|x86.ActiveCfg = Release|Any CPU
		{80371870-B2DA-43F0-9F77-1E4C456DC7E9}.Release|x86.Build.0 = Release|Any CPU
		{3B719D23-54E8-4F3E-997D-98697429FDDE}.Debug|Any CPU.ActiveCfg = Debug|Win32
		{3B719D23-54E8-4F3E-997D-98697429FDDE}.Debug|x64.ActiveCfg = Debug|x64
		{3B719D23-54E8-4F3E-997D-98697429FDDE}.Debug|x64.Build.0 = Debug|x64
		{3B719D23-54E8-4F3E-997D-98697429FDDE}.Debug|x86.ActiveCfg = Debug|Win32
		{3B719D23-54E8-4F3E-997D-98697429FDDE}.Debug|x86.Build.0 = Debug|Win32
		{3B719D23-54E8-4F3E-997D-98697429FDDE}.Release|Any CPU.ActiveCfg = Release|Win32
		{3B719D23-54E8-4F3E-997D-98697429FDDE}.Release|x64.ActiveCfg = Release|x64
		{3B719D23-54E8-4F3E-997D-98697429FDDE}.Release|x64.Build.0 = Release|x64
		{3B719D23-54E8-4F3E-997D-98697429FDDE}.Release|x86.ActiveCfg = Release|Win32
		{3B719D23-54E8-4F3E-997D-98697429FDDE}.Release|x86.Build.0 = Release|Win32
		{B6752CE7-2FC7-44D0-861F-9B3CFCF84E70}.Debug|Any CPU.ActiveCfg = Debug|Win32
		{B6752CE7-2FC7-44D0-861F-9B3CFCF84E70}.Debug|x64.ActiveCfg = Debug|x64
		{B6752CE7-2FC7-44D0-861F-9B3CFCF84E70}.Debug|x64.Build.0 = Debug|x64
		{B6752CE7-2FC7-44D0-861F-9B3CFCF84E70}.Debug|x86.ActiveCfg = Debug|Win32
		{B6752CE7-2FC7-44D0-861F-9B3CFCF84E70}.Debug|x86.Build.0 = Debug|Win32
		{B6752CE7-2FC7-44D0-861F-9B3CFCF84E70}.Release|Any CPU.ActiveCfg = Release|Win32
		{B6752CE7-2FC7-44D0-861F-9B3CFCF84E70}.Release|x64.ActiveCfg = Release|x64
		{B6752CE7-2FC7-44D0-861F-9B3CFCF84E70}.Release|x64.Build.0 = Release|x64
		{B6752CE7-2FC7-44D0-861F-9B3CFCF84E70}.Release|x86.ActiveCfg = Release|Win32
		{B6752CE7-2FC7-44D0-861F-9B3CFCF84E70}.Release|x86.Build.0 = Release|Win32
		{0F9AA1A0-E384-49CF-9029-4CBE2DC94C98}.Debug|Any CPU.ActiveCfg = Debug|Win32
		{0F9AA1A0-E384-49CF-9029-4CBE2DC94C98}.Debug|x64.ActiveCfg = Debug|x64
		{0F9AA1A0-E384-49CF-9029-4CBE2DC94C98}.Debug|x64.Build.0 = Debug|x64
		{0F9AA1A0-E384-49CF-9029-4CBE2DC94C98}.Debug|x86.ActiveCfg = Debug|Win32
		{0F9AA1A0-E384-49CF-9029-4CBE2DC94C98}.Debug|x86.Build.0 = Debug|Win32
		{0F9AA1A0-E384-49CF-9029-4CBE2DC94C98}.Release|Any CPU.ActiveCfg = Release|Win32
		{0F9AA1A0-E384-49CF-9029-4CBE2DC94C98}.Release|x64.ActiveCfg = Release|x64
		{0F9AA1A0-E384-49CF-9029-4CBE2DC94C98}.Release|x64.Build.0 = Release|x64
		{0F9AA1A0-E384-49CF-9029-4CBE2DC94C98}.Release|x86.ActiveCfg = Release|Win32
		{0F9AA1A0-E384-49CF-9029-4CBE2DC94C98}.Release|x86.Build.0 = Release|Win32
	EndGlobalSection
	GlobalSection(SolutionProperties) = preSolution
		HideSolutionNode = FALSE
	EndGlobalSection
	GlobalSection(ExtensibilityGlobals) = postSolution
		SolutionGuid = {DB5AF8A3-7917-47BE-9F87-7E34E31F4C21}
	EndGlobalSection
EndGlobal
