
Microsoft Visual Studio Solution File, Format Version 12.00
# Visual Studio Version 16
VisualStudioVersion = 16.0.28803.352
MinimumVisualStudioVersion = 10.0.40219.1
Project("{FAE04EC0-301F-11D3-BF4B-00C04F79EFBC}") = "DatabaseModels", "DatabaseModels.csproj", "{A675DAD1-2A01-44BE-9BAC-CABEE54DA92D}"
EndProject
Global
	GlobalSection(SolutionConfigurationPlatforms) = preSolution
		Debug|Any CPU = Debug|Any CPU
		Release|Any CPU = Release|Any CPU
	EndGlobalSection
	GlobalSection(ProjectConfigurationPlatforms) = postSolution
		{A675DAD1-2A01-44BE-9BAC-CABEE54DA92D}.Debug|Any CPU.ActiveCfg = Debug|Any CPU
		{A675DAD1-2A01-44BE-9BAC-CABEE54DA92D}.Debug|Any CPU.Build.0 = Debug|Any CPU
		{A675DAD1-2A01-44BE-9BAC-CABEE54DA92D}.Release|Any CPU.ActiveCfg = Release|Any CPU
		{A675DAD1-2A01-44BE-9BAC-CABEE54DA92D}.Release|Any CPU.Build.0 = Release|Any CPU
	EndGlobalSection
	GlobalSection(SolutionProperties) = preSolution
		HideSolutionNode = FALSE
	EndGlobalSection
	GlobalSection(ExtensibilityGlobals) = postSolution
		SolutionGuid = {46AE7BDF-023F-4304-80CC-9A9FE4BDC585}
	EndGlobalSection
EndGlobal
